# @generated - this file is auto-generated by `mise lock` https://mise.jdx.dev/dev-tools/mise-lock.html

[[tools.android-sdk]]
version = "1.0"
backend = "vfox:mise-plugins/vfox-android-sdk"

[tools.android-sdk."platforms.linux-arm64"]
url = "https://dl.google.com/android/repository/commandlinetools-linux-6200805_latest.zip"

[tools.android-sdk."platforms.linux-arm64-musl"]
url = "https://dl.google.com/android/repository/commandlinetools-linux-6200805_latest.zip"

[tools.android-sdk."platforms.linux-x64"]
url = "https://dl.google.com/android/repository/commandlinetools-linux-6200805_latest.zip"

[tools.android-sdk."platforms.linux-x64-musl"]
url = "https://dl.google.com/android/repository/commandlinetools-linux-6200805_latest.zip"

[tools.android-sdk."platforms.macos-arm64"]
url = "https://dl.google.com/android/repository/commandlinetools-mac-6200805_latest.zip"

[tools.android-sdk."platforms.macos-x64"]
url = "https://dl.google.com/android/repository/commandlinetools-mac-6200805_latest.zip"

[tools.android-sdk."platforms.windows-x64"]
url = "https://dl.google.com/android/repository/commandlinetools-win-6200805_latest.zip"

[[tools."github:houseabsolute/precious"]]
version = "0.11.0"
backend = "github:houseabsolute/precious"

[tools."github:houseabsolute/precious"."platforms.linux-arm64"]
checksum = "sha256:44d98091a988671786a99d8025b169c76bb08718ffa8f793a80ae1aa97ca5472"
url = "https://github.com/houseabsolute/precious/releases/download/v0.11.0/precious-Linux-musl-arm64.tar.gz"
url_api = "https://api.github.com/repos/houseabsolute/precious/releases/assets/434639525"

[tools."github:houseabsolute/precious"."platforms.linux-arm64-musl"]
checksum = "sha256:44d98091a988671786a99d8025b169c76bb08718ffa8f793a80ae1aa97ca5472"
url = "https://github.com/houseabsolute/precious/releases/download/v0.11.0/precious-Linux-musl-arm64.tar.gz"
url_api = "https://api.github.com/repos/houseabsolute/precious/releases/assets/434639525"

[tools."github:houseabsolute/precious"."platforms.linux-x64"]
checksum = "sha256:6a267a3e309ebd39ef36352e283b2ad70066ccb61e4b04785afbd85df3fa76b4"
url = "https://github.com/houseabsolute/precious/releases/download/v0.11.0/precious-Linux-musl-x86_64.tar.gz"
url_api = "https://api.github.com/repos/houseabsolute/precious/releases/assets/434639494"

[tools."github:houseabsolute/precious"."platforms.linux-x64-musl"]
checksum = "sha256:6a267a3e309ebd39ef36352e283b2ad70066ccb61e4b04785afbd85df3fa76b4"
url = "https://github.com/houseabsolute/precious/releases/download/v0.11.0/precious-Linux-musl-x86_64.tar.gz"
url_api = "https://api.github.com/repos/houseabsolute/precious/releases/assets/434639494"

[tools."github:houseabsolute/precious"."platforms.macos-arm64"]
checksum = "sha256:e6cbdba5261c15e3eb9208af928facff50c883bb11c0dd0c10766379285c75b9"
url = "https://github.com/houseabsolute/precious/releases/download/v0.11.0/precious-macOS-arm64.tar.gz"
url_api = "https://api.github.com/repos/houseabsolute/precious/releases/assets/434639276"

[tools."github:houseabsolute/precious"."platforms.macos-x64"]
checksum = "sha256:5500304c379686acd0cb852ad9f32e20baaab939f7fbc1f75f1ec0583f4bd676"
url = "https://github.com/houseabsolute/precious/releases/download/v0.11.0/precious-macOS-x86_64.tar.gz"
url_api = "https://api.github.com/repos/houseabsolute/precious/releases/assets/434639281"

[tools."github:houseabsolute/precious"."platforms.windows-x64"]
checksum = "sha256:bc5dfb482675ef79798fa578dc5f8edea1cd9f2b5d7bdc5bb02b4a9590f54467"
url = "https://github.com/houseabsolute/precious/releases/download/v0.11.0/precious-Windows-msvc-x86_64.zip"
url_api = "https://api.github.com/repos/houseabsolute/precious/releases/assets/434640219"

[[tools.java]]
version = "temurin-21.0.11+10.0.LTS"
backend = "core:java"

[tools.java."platforms.linux-x64"]
checksum = "sha256:4b2220e232a97997b436ca6ab15cbf70171ecff52958a46159dfa5a8c44ca4de"
url = "https://github.com/adoptium/temurin21-binaries/releases/download/jdk-21.0.11%2B10/OpenJDK21U-jdk_x64_linux_hotspot_21.0.11_10.tar.gz"

[[tools.lychee]]
version = "0.24.2"
backend = "aqua:lycheeverse/lychee"

[tools.lychee."platforms.linux-arm64"]
checksum = "sha256:91a7bd65685da41b90ccb9bc867a3d649a7818042dae04ff405e55a25bddee4c"
url = "https://github.com/lycheeverse/lychee/releases/download/lychee-v0.24.2/lychee-aarch64-unknown-linux-gnu.tar.gz"

[tools.lychee."platforms.linux-arm64-musl"]
checksum = "sha256:91a7bd65685da41b90ccb9bc867a3d649a7818042dae04ff405e55a25bddee4c"
url = "https://github.com/lycheeverse/lychee/releases/download/lychee-v0.24.2/lychee-aarch64-unknown-linux-gnu.tar.gz"

[tools.lychee."platforms.linux-x64"]
checksum = "sha256:73657a111819a30c47c08352896796f23d64e4eb2b3ed39b6d32149241566fc5"
url = "https://github.com/lycheeverse/lychee/releases/download/lychee-v0.24.2/lychee-x86_64-unknown-linux-musl.tar.gz"

[tools.lychee."platforms.linux-x64-musl"]
checksum = "sha256:73657a111819a30c47c08352896796f23d64e4eb2b3ed39b6d32149241566fc5"
url = "https://github.com/lycheeverse/lychee/releases/download/lychee-v0.24.2/lychee-x86_64-unknown-linux-musl.tar.gz"

[[tools.prettier]]
version = "3.8.4"
backend = "npm:prettier"

[[tools.yamllint]]
version = "1.38.0"
backend = "pipx:yamllint"

[[tools.yq]]
version = "4.53.3"
backend = "aqua:mikefarah/yq"

[tools.yq."platforms.linux-arm64"]
checksum = "sha256:578648e463a11c1b6db6010cbf41eafed6bee79466fcffa1bb446672cf7945ea"
url = "https://github.com/mikefarah/yq/releases/download/v4.53.3/yq_linux_arm64"

[tools.yq."platforms.linux-arm64-musl"]
checksum = "sha256:578648e463a11c1b6db6010cbf41eafed6bee79466fcffa1bb446672cf7945ea"
url = "https://github.com/mikefarah/yq/releases/download/v4.53.3/yq_linux_arm64"

[tools.yq."platforms.linux-x64"]
checksum = "sha256:fa52a4e758c63d38299163fbdd1edfb4c4963247918bf9c1c5d31d84789eded4"
url = "https://github.com/mikefarah/yq/releases/download/v4.53.3/yq_linux_amd64"

[tools.yq."platforms.linux-x64-musl"]
checksum = "sha256:fa52a4e758c63d38299163fbdd1edfb4c4963247918bf9c1c5d31d84789eded4"
url = "https://github.com/mikefarah/yq/releases/download/v4.53.3/yq_linux_amd64"

[tools.yq."platforms.macos-arm64"]
checksum = "sha256:877de31753a4dd2401aa048937aa9a7fc4d5f6ce858cf31508c5802954297213"
url = "https://github.com/mikefarah/yq/releases/download/v4.53.3/yq_darwin_arm64"

[tools.yq."platforms.macos-x64"]
checksum = "sha256:b4ba1ecce3c47f00803f4f964de38394326c7a32eb6540616e04fb2935a0f08d"
url = "https://github.com/mikefarah/yq/releases/download/v4.53.3/yq_darwin_amd64"

[tools.yq."platforms.windows-x64"]
checksum = "sha256:e279bc506a452eeafcdf364f91a025455e402a8001169083caf01f4b64a544e2"
url = "https://github.com/mikefarah/yq/releases/download/v4.53.3/yq_windows_amd64.exe"
